# THIS IS AN AUTOGENERATED FILE. DO NOT EDIT THIS FILE DIRECTLY.
# yarn lockfile v1


"@tauri-apps/cli-darwin-arm64@2.11.0":
  version "2.11.0"
  resolved "https://registry.yarnpkg.com/@tauri-apps/cli-darwin-arm64/-/cli-darwin-arm64-2.11.0.tgz#37e2fcb8eabe35e3f87fbca3ba464ecafa843b37"
  integrity sha512-UfMeDNlgIP252rm/KSTuu8yHatPua5TjtUEUf+jyIzVwBNcIl7Ywkdpfj+e5jVVg3EfCTp+4gwuL1dNpgF8clg==

"@tauri-apps/cli-darwin-x64@2.11.0":
  version "2.11.0"
  resolved "https://registry.yarnpkg.com/@tauri-apps/cli-darwin-x64/-/cli-darwin-x64-2.11.0.tgz#5473da0d8d7d7faadeb1f3c5dd154cd2cf120af9"
  integrity sha512-lY1+aPlgyMN7vgjtCdQ3+WODfZkebAcxnrCrO0HjqDpKSXieDkrJbimqeaoM4RwhTSrCLRHfVYiYrfE5E131tg==

"@tauri-apps/cli-linux-arm-gnueabihf@2.11.0":
  version "2.11.0"
  resolved "https://registry.yarnpkg.com/@tauri-apps/cli-linux-arm-gnueabihf/-/cli-linux-arm-gnueabihf-2.11.0.tgz#8f77af41ac466cb226b23cf04b91dae042abef07"
  integrity sha512-5uCP0AusgN3NrKC8EpkuJwjek1k8pEffBdugJSpXPey/QGbPEb8vZ542n/giJ2mZPjMSllDkdhG2QIDpBY4PpQ==

"@tauri-apps/cli-linux-arm64-gnu@2.11.0":
  version "2.11.0"
  resolved "https://registry.yarnpkg.com/@tauri-apps/cli-linux-arm64-gnu/-/cli-linux-arm64-gnu-2.11.0.tgz#d4ee0e81d48bfff23c9b13bd8f116ced83408174"
  integrity sha512-loDPqtRHMSbIcrH2VBd4GgHoQlF7jJnrZj7MxA2lj1cixS/jEgMAPFqj83U6Wvjete4HfYplbE/gCpSFifA9jw==

"@tauri-apps/cli-linux-arm64-musl@2.11.0":
  version "2.11.0"
  resolved "https://registry.yarnpkg.com/@tauri-apps/cli-linux-arm64-musl/-/cli-linux-arm64-musl-2.11.0.tgz#883f0e5a2e9e4f5ebfe3759d9c6a177c3cb91ef8"
  integrity sha512-DtSE8ZBlB9H+L+eHkfZ3myt00EVEyAB3e41juEHoE2qT88fgVlJvyrwa9SZYc/xTwCS9TnmK+R84tpg+ZsAg7Q==

"@tauri-apps/cli-linux-riscv64-gnu@2.11.0":
  version "2.11.0"
  resolved "https://registry.yarnpkg.com/@tauri-apps/cli-linux-riscv64-gnu/-/cli-linux-riscv64-gnu-2.11.0.tgz#73a4866e4ac7786b3fdbef70e06e15220c3530fa"
  integrity sha512-5QdgS4LD+kntClI1aj2JmwjW38LosNXxwCe8viIHEwqYIWuMPdNEIau6/cLogI38Yzx9DnfCPRfEWLyI+5li8Q==

"@tauri-apps/cli-linux-x64-gnu@2.11.0":
  version "2.11.0"
  resolved "https://registry.yarnpkg.com/@tauri-apps/cli-linux-x64-gnu/-/cli-linux-x64-gnu-2.11.0.tgz#9a3a0b7918e9e54263dd037a9e656f5178894ec6"
  integrity sha512-5UynPXo3Zq9khjVdAbD+YogeLltdVUeOah2ioSIM3tu6H7wY9vMy6rgGJhv9r5R8ZXmk9GttMippdqYJWrnLnA==

"@tauri-apps/cli-linux-x64-musl@2.11.0":
  version "2.11.0"
  resolved "https://registry.yarnpkg.com/@tauri-apps/cli-linux-x64-musl/-/cli-linux-x64-musl-2.11.0.tgz#ace3fde6f90db07f09eee39f0f3767b135b220a5"
  integrity sha512-CNz7fHbApz1Zyhhq73jtGn9JqgNEV/lIWnTnUo6h6ujw+mHsTmkLszvJSM8W6JBaDjNpTTFr/RSNoVL5FMwcTg==

"@tauri-apps/cli-win32-arm64-msvc@2.11.0":
  version "2.11.0"
  resolved "https://registry.yarnpkg.com/@tauri-apps/cli-win32-arm64-msvc/-/cli-win32-arm64-msvc-2.11.0.tgz#7f35ed61299fc7ca0349073aea26a01da6f1bc7f"
  integrity sha512-K+br+VXZ+Xx0n/9FdWohpW5Ugq+2FQUpJScqcPl1hTxXfh3fgjYgt4qA2NgrjlJo+zZPNrmUMl+NLvm0ufEqBQ==

"@tauri-apps/cli-win32-ia32-msvc@2.11.0":
  version "2.11.0"
  resolved "https://registry.yarnpkg.com/@tauri-apps/cli-win32-ia32-msvc/-/cli-win32-ia32-msvc-2.11.0.tgz#ea69f7f85b353b2336b68657e20beab1e5c33caf"
  integrity sha512-OFV+s3MLZnd75zl0ZAFU5riMpGK4waUEA8ZDuijDsnkU0btz/gHhqh5jVlOn8thyvgdtT3Xyoxqo099MMifH3g==

"@tauri-apps/cli-win32-x64-msvc@2.11.0":
  version "2.11.0"
  resolved "https://registry.yarnpkg.com/@tauri-apps/cli-win32-x64-msvc/-/cli-win32-x64-msvc-2.11.0.tgz#1e74bdd8aa081335a7a965ec31a80405fd5b1b2b"
  integrity sha512-AeDTWBd2cOZ6TX133BWsoo+LutG9o0JRcgjMsIfLE13ZugpgCMv/2dJbUiBGeRvbPOGin5A3aYmsArPVV6ZSHQ==

"@tauri-apps/cli@^2":
  version "2.11.0"
  resolved "https://registry.yarnpkg.com/@tauri-apps/cli/-/cli-2.11.0.tgz#08f8c1e74d6848b7f23f4029710dc8354b9f2d8b"
  integrity sha512-W5Wbuqsb2pHFPTj4TaRNKTj5rwXhDShPiLSY9T18y4ouSR/NNCptAEFxFsBtyNRgL6Vs1a/q9LzfqqYzEwC+Jw==
  optionalDependencies:
    "@tauri-apps/cli-darwin-arm64" "2.11.0"
    "@tauri-apps/cli-darwin-x64" "2.11.0"
    "@tauri-apps/cli-linux-arm-gnueabihf" "2.11.0"
    "@tauri-apps/cli-linux-arm64-gnu" "2.11.0"
    "@tauri-apps/cli-linux-arm64-musl" "2.11.0"
    "@tauri-apps/cli-linux-riscv64-gnu" "2.11.0"
    "@tauri-apps/cli-linux-x64-gnu" "2.11.0"
    "@tauri-apps/cli-linux-x64-musl" "2.11.0"
    "@tauri-apps/cli-win32-arm64-msvc" "2.11.0"
    "@tauri-apps/cli-win32-ia32-msvc" "2.11.0"
    "@tauri-apps/cli-win32-x64-msvc" "2.11.0"

htmx.org@^2.0.10:
  version "2.0.10"
  resolved "https://registry.yarnpkg.com/htmx.org/-/htmx.org-2.0.10.tgz#62442b0e2952a885ae2e50a7654b8b20d0981134"
  integrity sha512-kdeJe7ZVwaS6QMz/ebBIVtZdpwen6L0OQ5GOhPV9MKBb196TCZeZu4yA7ZIQsaLKv7EpXz+So7KSXNuHXhj7Cw==

tauri-plugin-htmx@^1.2.1:
  version "1.2.1"
  resolved "https://registry.yarnpkg.com/tauri-plugin-htmx/-/tauri-plugin-htmx-1.2.1.tgz#b091e0c65c45f64cfdff55dc3db94863a0cccf5c"
  integrity sha512-miNrb7POnLM52/NZe4qJ5U18SZkEWH8xFfiChF2eBO4P57uP9zi3NuJWENYJzLtoFptKzHQXP1PiRwo4SYERiw==
