# THIS IS AN AUTOGENERATED FILE. DO NOT EDIT THIS FILE DIRECTLY.
# yarn lockfile v1


"@tauri-apps/cli-darwin-arm64@2.11.1":
  version "2.11.1"
  resolved "https://registry.yarnpkg.com/@tauri-apps/cli-darwin-arm64/-/cli-darwin-arm64-2.11.1.tgz#4fc2e2165cde2d71bb9a56beacb75542ceb7dc0e"
  integrity sha512-6eEKMBXsQPCuM1EmvrjT2+aBuxWQuFdKdW8pzNuNQtpq45nEEpBlD5gr8pUeAyOU1DQKlkFaEc/MPBxb/Pfjtg==

"@tauri-apps/cli-darwin-x64@2.11.1":
  version "2.11.1"
  resolved "https://registry.yarnpkg.com/@tauri-apps/cli-darwin-x64/-/cli-darwin-x64-2.11.1.tgz#dfea5d1448bd7f4dae5c6483c6f21ab6df53e9c7"
  integrity sha512-LQUO7exfRWjWALNhetph5guWpMeHphRpokOLk0OIbTTExaNwJNFu3I4vb+CCM/4G/QGoZe/5XikZOJdNEFP1ig==

"@tauri-apps/cli-linux-arm-gnueabihf@2.11.1":
  version "2.11.1"
  resolved "https://registry.yarnpkg.com/@tauri-apps/cli-linux-arm-gnueabihf/-/cli-linux-arm-gnueabihf-2.11.1.tgz#fd054d074fe1dc7a24e589957e11e8bb1f3bfe90"
  integrity sha512-5i/awiBCRRhOUG8yjn0fMHXIWD5Ez8eEk5LtvOxyQrKuJkRaZDvnbIjZbE183blAwkoA4xN3aO/prJiqscl02Q==

"@tauri-apps/cli-linux-arm64-gnu@2.11.1":
  version "2.11.1"
  resolved "https://registry.yarnpkg.com/@tauri-apps/cli-linux-arm64-gnu/-/cli-linux-arm64-gnu-2.11.1.tgz#13d068385371de50cc876713ded71975a268a3be"
  integrity sha512-9LrwDw3S9Fygtw/Q6WDhOP+3svJRGAsejeE+GKrc0eO1ThMVhwi2LL6hw4dlKw93IfS7VY1G19sWGxJ/NcU4nA==

"@tauri-apps/cli-linux-arm64-musl@2.11.1":
  version "2.11.1"
  resolved "https://registry.yarnpkg.com/@tauri-apps/cli-linux-arm64-musl/-/cli-linux-arm64-musl-2.11.1.tgz#a3ff5b2abffd4ef0ba0169ecfceecf71b14e2312"
  integrity sha512-mNA5dbbqPqDUdTIwdUYYuhO2GvIe9UnB2r0VU2njxBOS3Opbx4gKNC5yP0Iu4rYmEmqdlwry9VzGZQ3wq9dyFg==

"@tauri-apps/cli-linux-riscv64-gnu@2.11.1":
  version "2.11.1"
  resolved "https://registry.yarnpkg.com/@tauri-apps/cli-linux-riscv64-gnu/-/cli-linux-riscv64-gnu-2.11.1.tgz#708711c15705dca13f51fb1ee45a16a6fccac809"
  integrity sha512-fZj3Gwq+6fUs305T5WQiD5iSGJw+j/4w/HGmk4sHDAcy+rp9zU5eaxB7nOyz5/I/nkNAuKPqfp6uIbiUBXkBCw==

"@tauri-apps/cli-linux-x64-gnu@2.11.1":
  version "2.11.1"
  resolved "https://registry.yarnpkg.com/@tauri-apps/cli-linux-x64-gnu/-/cli-linux-x64-gnu-2.11.1.tgz#c59b7d54aeb8d3d0975e99eaee121d6ac51fd898"
  integrity sha512-XFxGxOvHM7jjeD6ozCKdGfhzJ7lERYDGZl1/Kb4fsvchaJsfLJ981TlyTG8Qy/gFq+f5GitH3bfrX9JAkjPEyw==

"@tauri-apps/cli-linux-x64-musl@2.11.1":
  version "2.11.1"
  resolved "https://registry.yarnpkg.com/@tauri-apps/cli-linux-x64-musl/-/cli-linux-x64-musl-2.11.1.tgz#1df5392521893d199b49b31466ebf7d36bb262a0"
  integrity sha512-d5C2/Zm+68v7R9wTuTCjRQEVrWjcdMkJBZ1+rXse+QdMMlTB9+u9PDNDLw9PQflWxYLaYZ7tjxxL9Nb9II6PbA==

"@tauri-apps/cli-win32-arm64-msvc@2.11.1":
  version "2.11.1"
  resolved "https://registry.yarnpkg.com/@tauri-apps/cli-win32-arm64-msvc/-/cli-win32-arm64-msvc-2.11.1.tgz#f28fccdaabc63d76d820a4b46173f387069c5851"
  integrity sha512-YdeVWFAR1pTXzUU6NLstPq4G6OLxuDrXCXEBdmBH+5EZIDXUx0D2kJlz3+YjpazkKvAzYpgziTsyRagls0OfRQ==

"@tauri-apps/cli-win32-ia32-msvc@2.11.1":
  version "2.11.1"
  resolved "https://registry.yarnpkg.com/@tauri-apps/cli-win32-ia32-msvc/-/cli-win32-ia32-msvc-2.11.1.tgz#85d0261420ed790fef3f344ca935a743dc43977e"
  integrity sha512-VBGkuH0eB9K9LLSMv361Gzr5Ou72sCS4+ztpmkWEQ+wd/amhcYOsf3X6qn1RJZDzIhiOYHJEOysZUC3baD01rA==

"@tauri-apps/cli-win32-x64-msvc@2.11.1":
  version "2.11.1"
  resolved "https://registry.yarnpkg.com/@tauri-apps/cli-win32-x64-msvc/-/cli-win32-x64-msvc-2.11.1.tgz#78e631ef50dd47f992eb2a4ae83b9bf8781b251f"
  integrity sha512-b3ORhIAKgp9ZYY+zBt7b7r0kLU2kjvyGF0+MS2SBym3emsweGPybEqocJcmtMuxyBhkOKHP4CiuEJEDuAlTx6A==

"@tauri-apps/cli@^2":
  version "2.11.1"
  resolved "https://registry.yarnpkg.com/@tauri-apps/cli/-/cli-2.11.1.tgz#46493afee700baadf0209bc879069485aa9525f3"
  integrity sha512-rpEbaJ/HzNb6fwsquwoAbq29/Vt4gADhS423A8fdkwL4edJ0wZmoB8ar7O6JPDL834MUKOCm/rrJ7c9oAaEaYQ==
  optionalDependencies:
    "@tauri-apps/cli-darwin-arm64" "2.11.1"
    "@tauri-apps/cli-darwin-x64" "2.11.1"
    "@tauri-apps/cli-linux-arm-gnueabihf" "2.11.1"
    "@tauri-apps/cli-linux-arm64-gnu" "2.11.1"
    "@tauri-apps/cli-linux-arm64-musl" "2.11.1"
    "@tauri-apps/cli-linux-riscv64-gnu" "2.11.1"
    "@tauri-apps/cli-linux-x64-gnu" "2.11.1"
    "@tauri-apps/cli-linux-x64-musl" "2.11.1"
    "@tauri-apps/cli-win32-arm64-msvc" "2.11.1"
    "@tauri-apps/cli-win32-ia32-msvc" "2.11.1"
    "@tauri-apps/cli-win32-x64-msvc" "2.11.1"

htmx.org@^2.0.10:
  version "2.0.10"
  resolved "https://registry.yarnpkg.com/htmx.org/-/htmx.org-2.0.10.tgz#62442b0e2952a885ae2e50a7654b8b20d0981134"
  integrity sha512-kdeJe7ZVwaS6QMz/ebBIVtZdpwen6L0OQ5GOhPV9MKBb196TCZeZu4yA7ZIQsaLKv7EpXz+So7KSXNuHXhj7Cw==

tauri-plugin-htmx@^1.2.1:
  version "1.2.1"
  resolved "https://registry.yarnpkg.com/tauri-plugin-htmx/-/tauri-plugin-htmx-1.2.1.tgz#b091e0c65c45f64cfdff55dc3db94863a0cccf5c"
  integrity sha512-miNrb7POnLM52/NZe4qJ5U18SZkEWH8xFfiChF2eBO4P57uP9zi3NuJWENYJzLtoFptKzHQXP1PiRwo4SYERiw==
